
Microsoft Visual Studio Solution File, Format Version 12.00
# Visual Studio Version 17
VisualStudioVersion = 17.2.32630.192
MinimumVisualStudioVersion = 10.0.40219.1
Project("{FAE04EC0-301F-11D3-BF4B-00C04F79EFBC}") = "qwqw", "qwqw\qwqw.csproj", "{8B1F192D-D5EF-46B2-81A2-741DB8E12240}"
EndProject
Global
	GlobalSection(SolutionConfigurationPlatforms) = preSolution
		Debug|Any CPU = Debug|Any CPU
		Release|Any CPU = Release|Any CPU
	EndGlobalSection
	GlobalSection(ProjectConfigurationPlatforms) = postSolution
		{8B1F192D-D5EF-46B2-81A2-741DB8E12240}.Debug|Any CPU.ActiveCfg = Debug|Any CPU
		{8B1F192D-D5EF-46B2-81A2-741DB8E12240}.Debug|Any CPU.Build.0 = Debug|Any CPU
		{8B1F192D-D5EF-46B2-81A2-741DB8E12240}.Release|Any CPU.ActiveCfg = Release|Any CPU
		{8B1F192D-D5EF-46B2-81A2-741DB8E12240}.Release|Any CPU.Build.0 = Release|Any CPU
	EndGlobalSection
	GlobalSection(SolutionProperties) = preSolution
		HideSolutionNode = FALSE
	EndGlobalSection
	GlobalSection(ExtensibilityGlobals) = postSolution
		SolutionGuid = {87159236-CBCE-4B8E-8453-2F9D0AFD2F84}
	EndGlobalSection
EndGlobal
