
Microsoft Visual Studio Solution File, Format Version 12.00
# Visual Studio Version 17
VisualStudioVersion = 17.0.32126.317
MinimumVisualStudioVersion = 10.0.40219.1
Project("{9A19103F-16F7-4668-BE54-9A1E7A4F7556}") = "AppConsola", "AppConsola\AppConsola.csproj", "{4196B4C6-F349-4985-BF7B-7C25ACEE4DAC}"
EndProject
Project("{FAE04EC0-301F-11D3-BF4B-00C04F79EFBC}") = "Animais", "ClassLibrary1\Animais.csproj", "{492B0E6F-B9C2-495F-8381-3F883F83891C}"
EndProject
Project("{FAE04EC0-301F-11D3-BF4B-00C04F79EFBC}") = "ClinicaVeterinariaTest", "ClinicaVeterinariaTest\ClinicaVeterinariaTest.csproj", "{A433B1F4-F9AD-4D2E-861C-B73EAC1CB0A4}"
EndProject
Global
	GlobalSection(SolutionConfigurationPlatforms) = preSolution
		Debug|Any CPU = Debug|Any CPU
		Release|Any CPU = Release|Any CPU
	EndGlobalSection
	GlobalSection(ProjectConfigurationPlatforms) = postSolution
		{4196B4C6-F349-4985-BF7B-7C25ACEE4DAC}.Debug|Any CPU.ActiveCfg = Debug|Any CPU
		{4196B4C6-F349-4985-BF7B-7C25ACEE4DAC}.Debug|Any CPU.Build.0 = Debug|Any CPU
		{4196B4C6-F349-4985-BF7B-7C25ACEE4DAC}.Release|Any CPU.ActiveCfg = Release|Any CPU
		{4196B4C6-F349-4985-BF7B-7C25ACEE4DAC}.Release|Any CPU.Build.0 = Release|Any CPU
		{492B0E6F-B9C2-495F-8381-3F883F83891C}.Debug|Any CPU.ActiveCfg = Debug|Any CPU
		{492B0E6F-B9C2-495F-8381-3F883F83891C}.Debug|Any CPU.Build.0 = Debug|Any CPU
		{492B0E6F-B9C2-495F-8381-3F883F83891C}.Release|Any CPU.ActiveCfg = Release|Any CPU
		{492B0E6F-B9C2-495F-8381-3F883F83891C}.Release|Any CPU.Build.0 = Release|Any CPU
		{A433B1F4-F9AD-4D2E-861C-B73EAC1CB0A4}.Debug|Any CPU.ActiveCfg = Debug|Any CPU
		{A433B1F4-F9AD-4D2E-861C-B73EAC1CB0A4}.Debug|Any CPU.Build.0 = Debug|Any CPU
		{A433B1F4-F9AD-4D2E-861C-B73EAC1CB0A4}.Release|Any CPU.ActiveCfg = Release|Any CPU
		{A433B1F4-F9AD-4D2E-861C-B73EAC1CB0A4}.Release|Any CPU.Build.0 = Release|Any CPU
	EndGlobalSection
	GlobalSection(SolutionProperties) = preSolution
		HideSolutionNode = FALSE
	EndGlobalSection
	GlobalSection(ExtensibilityGlobals) = postSolution
		SolutionGuid = {FD035E0A-E1E1-4B7B-8546-AECF75FF26A5}
	EndGlobalSection
EndGlobal
