
Microsoft Visual Studio Solution File, Format Version 12.00
# Visual Studio Version 17
VisualStudioVersion = 17.1.32319.34
MinimumVisualStudioVersion = 10.0.40219.1
Project("{FAE04EC0-301F-11D3-BF4B-00C04F79EFBC}") = "Exemplo", "Exemplo.csproj", "{B1B7E31C-7398-4FEF-A483-24B1FA9B8DF0}"
EndProject
Global
	GlobalSection(SolutionConfigurationPlatforms) = preSolution
		Debug|Any CPU = Debug|Any CPU
		Release|Any CPU = Release|Any CPU
	EndGlobalSection
	GlobalSection(ProjectConfigurationPlatforms) = postSolution
		{B1B7E31C-7398-4FEF-A483-24B1FA9B8DF0}.Debug|Any CPU.ActiveCfg = Debug|Any CPU
		{B1B7E31C-7398-4FEF-A483-24B1FA9B8DF0}.Debug|Any CPU.Build.0 = Debug|Any CPU
		{B1B7E31C-7398-4FEF-A483-24B1FA9B8DF0}.Release|Any CPU.ActiveCfg = Release|Any CPU
		{B1B7E31C-7398-4FEF-A483-24B1FA9B8DF0}.Release|Any CPU.Build.0 = Release|Any CPU
	EndGlobalSection
	GlobalSection(SolutionProperties) = preSolution
		HideSolutionNode = FALSE
	EndGlobalSection
	GlobalSection(ExtensibilityGlobals) = postSolution
		SolutionGuid = {3FD04529-3B4E-4261-B752-CE47C6BB4F09}
	EndGlobalSection
EndGlobal
