
Microsoft Visual Studio Solution File, Format Version 12.00
# Visual Studio Version 17
VisualStudioVersion = 17.2.32630.192
MinimumVisualStudioVersion = 10.0.40219.1
Project("{FAE04EC0-301F-11D3-BF4B-00C04F79EFBC}") = "KafkaConsumer", "KafkaConsumer\KafkaConsumer.csproj", "{F04B74D3-63C7-4EDD-9902-B65369A033D7}"
EndProject
Global
	GlobalSection(SolutionConfigurationPlatforms) = preSolution
		Debug|Any CPU = Debug|Any CPU
		Release|Any CPU = Release|Any CPU
	EndGlobalSection
	GlobalSection(ProjectConfigurationPlatforms) = postSolution
		{F04B74D3-63C7-4EDD-9902-B65369A033D7}.Debug|Any CPU.ActiveCfg = Debug|Any CPU
		{F04B74D3-63C7-4EDD-9902-B65369A033D7}.Debug|Any CPU.Build.0 = Debug|Any CPU
		{F04B74D3-63C7-4EDD-9902-B65369A033D7}.Release|Any CPU.ActiveCfg = Release|Any CPU
		{F04B74D3-63C7-4EDD-9902-B65369A033D7}.Release|Any CPU.Build.0 = Release|Any CPU
	EndGlobalSection
	GlobalSection(SolutionProperties) = preSolution
		HideSolutionNode = FALSE
	EndGlobalSection
	GlobalSection(ExtensibilityGlobals) = postSolution
		SolutionGuid = {E38AD766-794A-4027-B2DE-6705CD9B6FA6}
	EndGlobalSection
EndGlobal
